
Microsoft Visual Studio Solution File, Format Version 12.00
# Visual Studio Version 17
VisualStudioVersion = 17.0.32126.317
MinimumVisualStudioVersion = 10.0.40219.1
Project("{9A19103F-16F7-4668-BE54-9A1E7A4F7556}") = "LearningArchitecture", "LearningArchitecture\LearningArchitecture.csproj", "{4D065459-E02B-4506-8913-56D133DA5E89}"
EndProject
Global
	GlobalSection(SolutionConfigurationPlatforms) = preSolution
		Debug|Any CPU = Debug|Any CPU
		Release|Any CPU = Release|Any CPU
	EndGlobalSection
	GlobalSection(ProjectConfigurationPlatforms) = postSolution
		{4D065459-E02B-4506-8913-56D133DA5E89}.Debug|Any CPU.ActiveCfg = Debug|Any CPU
		{4D065459-E02B-4506-8913-56D133DA5E89}.Debug|Any CPU.Build.0 = Debug|Any CPU
		{4D065459-E02B-4506-8913-56D133DA5E89}.Release|Any CPU.ActiveCfg = Release|Any CPU
		{4D065459-E02B-4506-8913-56D133DA5E89}.Release|Any CPU.Build.0 = Release|Any CPU
	EndGlobalSection
	GlobalSection(SolutionProperties) = preSolution
		HideSolutionNode = FALSE
	EndGlobalSection
	GlobalSection(ExtensibilityGlobals) = postSolution
		SolutionGuid = {E2A59790-CD77-487D-A331-54F6903EDC23}
	EndGlobalSection
EndGlobal
